// !$*UTF8*$!
{
	archiveVersion = 1;
	classes = {
	};
	objectVersion = 77;
	objects = {

/* Begin PBXBuildFile section */
		7A262BD42F561AC9001B0AA2 /* README.md in Resources */ = {isa = PBXBuildFile; fileRef = 7A262BD22F561AC3001B0AA2 /* README.md */; };
		7A262BD92F561AE5001B0AA2 /* screenshot_dynamic_type.png in Resources */ = {isa = PBXBuildFile; fileRef = 7A262BD62F561AE5001B0AA2 /* screenshot_dynamic_type.png */; };
		7A262BDA2F561AE5001B0AA2 /* screenshot_error.png in Resources */ = {isa = PBXBuildFile; fileRef = 7A262BD72F561AE5001B0AA2 /* screenshot_error.png */; };
		7A262BDB2F561AE5001B0AA2 /* screenshot_product_list.png in Resources */ = {isa = PBXBuildFile; fileRef = 7A262BD82F561AE5001B0AA2 /* screenshot_product_list.png */; };
		7A262BDC2F561AE5001B0AA2 /* screenshot_dark_mode.png in Resources */ = {isa = PBXBuildFile; fileRef = 7A262BD52F561AE5001B0AA2 /* screenshot_dark_mode.png */; };
/* End PBXBuildFile section */

/* Begin PBXContainerItemProxy section */
		7A262AC52F549534001B0AA2 /* PBXContainerItemProxy */ = {
			isa = PBXContainerItemProxy;
			containerPortal = 7A262AAF2F549533001B0AA2 /* Project object */;
			proxyType = 1;
			remoteGlobalIDString = 7A262AB62F549533001B0AA2;
			remoteInfo = HAndMTestAssignment;
		};
		7A262ACF2F549534001B0AA2 /* PBXContainerItemProxy */ = {
			isa = PBXContainerItemProxy;
			containerPortal = 7A262AAF2F549533001B0AA2 /* Project object */;
			proxyType = 1;
			remoteGlobalIDString = 7A262AB62F549533001B0AA2;
			remoteInfo = HAndMTestAssignment;
		};
/* End PBXContainerItemProxy section */

/* Begin PBXFileReference section */
		7A262AB72F549533001B0AA2 /* HAndMTestAssignment.app */ = {isa = PBXFileReference; explicitFileType = wrapper.application; includeInIndex = 0; path = HAndMTestAssignment.app; sourceTree = BUILT_PRODUCTS_DIR; };
		7A262AC42F549534001B0AA2 /* HAndMTestAssignmentTests.xctest */ = {isa = PBXFileReference; explicitFileType = wrapper.cfbundle; includeInIndex = 0; path = HAndMTestAssignmentTests.xctest; sourceTree = BUILT_PRODUCTS_DIR; };
		7A262ACE2F549534001B0AA2 /* HAndMTestAssignmentUITests.xctest */ = {isa = PBXFileReference; explicitFileType = wrapper.cfbundle; includeInIndex = 0; path = HAndMTestAssignmentUITests.xctest; sourceTree = BUILT_PRODUCTS_DIR; };
		7A262BD22F561AC3001B0AA2 /* README.md */ = {isa = PBXFileReference; lastKnownFileType = net.daringfireball.markdown; path = README.md; sourceTree = "<group>"; };
		7A262BD52F561AE5001B0AA2 /* screenshot_dark_mode.png */ = {isa = PBXFileReference; lastKnownFileType = image.png; path = screenshot_dark_mode.png; sourceTree = "<group>"; };
		7A262BD62F561AE5001B0AA2 /* screenshot_dynamic_type.png */ = {isa = PBXFileReference; lastKnownFileType = image.png; path = screenshot_dynamic_type.png; sourceTree = "<group>"; };
		7A262BD72F561AE5001B0AA2 /* screenshot_error.png */ = {isa = PBXFileReference; lastKnownFileType = image.png; path = screenshot_error.png; sourceTree = "<group>"; };
		7A262BD82F561AE5001B0AA2 /* screenshot_product_list.png */ = {isa = PBXFileReference; lastKnownFileType = image.png; path = screenshot_product_list.png; sourceTree = "<group>"; };
/* End PBXFileReference section */

/* Begin PBXFileSystemSynchronizedRootGroup section */
		7A262AB92F549533001B0AA2 /* HAndMTestAssignment */ = {
			isa = PBXFileSystemSynchronizedRootGroup;
			path = HAndMTestAssignment;
			sourceTree = "<group>";
		};
		7A262AC72F549534001B0AA2 /* HAndMTestAssignmentTests */ = {
			isa = PBXFileSystemSynchronizedRootGroup;
			path = HAndMTestAssignmentTests;
			sourceTree = "<group>";
		};
		7A262AD12F549534001B0AA2 /* HAndMTestAssignmentUITests */ = {
			isa = PBXFileSystemSynchronizedRootGroup;
			path = HAndMTestAssignmentUITests;
			sourceTree = "<group>";
		};
/* End PBXFileSystemSynchronizedRootGroup section */

/* Begin PBXFrameworksBuildPhase section */
		7A262AB42F549533001B0AA2 /* Frameworks */ = {
			isa = PBXFrameworksBuildPhase;
			buildActionMask = 2147483647;
			files = (
			);
			runOnlyForDeploymentPostprocessing = 0;
		};
		7A262AC12F549534001B0AA2 /* Frameworks */ = {
			isa = PBXFrameworksBuildPhase;
			buildActionMask = 2147483647;
			files = (
			);
			runOnlyForDeploymentPostprocessing = 0;
		};
		7A262ACB2F549534001B0AA2 /* Frameworks */ = {
			isa = PBXFrameworksBuildPhase;
			buildActionMask = 2147483647;
			files = (
			);
			runOnlyForDeploymentPostprocessing = 0;
		};
/* End PBXFrameworksBuildPhase section */

/* Begin PBXGroup section */
		7A262AAE2F549533001B0AA2 = {
			isa = PBXGroup;
			children = (
				7A262AB92F549533001B0AA2 /* HAndMTestAssignment */,
				7A262AC72F549534001B0AA2 /* HAndMTestAssignmentTests */,
				7A262AD12F549534001B0AA2 /* HAndMTestAssignmentUITests */,
				7A262AB82F549533001B0AA2 /* Products */,
				7A262BD22F561AC3001B0AA2 /* README.md */,
				7A262BD52F561AE5001B0AA2 /* screenshot_dark_mode.png */,
				7A262BD62F561AE5001B0AA2 /* screenshot_dynamic_type.png */,
				7A262BD72F561AE5001B0AA2 /* screenshot_error.png */,
				7A262BD82F561AE5001B0AA2 /* screenshot_product_list.png */,
			);
			sourceTree = "<group>";
		};
		7A262AB82F549533001B0AA2 /* Products */ = {
			isa = PBXGroup;
			children = (
				7A262AB72F549533001B0AA2 /* HAndMTestAssignment.app */,
				7A262AC42F549534001B0AA2 /* HAndMTestAssignmentTests.xctest */,
				7A262ACE2F549534001B0AA2 /* HAndMTestAssignmentUITests.xctest */,
			);
			name = Products;
			sourceTree = "<group>";
		};
/* End PBXGroup section */

/* Begin PBXNativeTarget section */
		7A262AB62F549533001B0AA2 /* HAndMTestAssignment */ = {
			isa = PBXNativeTarget;
			buildConfigurationList = 7A262AD82F549534001B0AA2 /* Build configuration list for PBXNativeTarget "HAndMTestAssignment" */;
			buildPhases = (
				7A262AB32F549533001B0AA2 /* Sources */,
				7A262AB42F549533001B0AA2 /* Frameworks */,
				7A262AB52F549533001B0AA2 /* Resources */,
			);
			buildRules = (
			);
			dependencies = (
			);
			fileSystemSynchronizedGroups = (
				7A262AB92F549533001B0AA2 /* HAndMTestAssignment */,
			);
			name = HAndMTestAssignment;
			packageProductDependencies = (
			);
			productName = HAndMTestAssignment;
			productReference = 7A262AB72F549533001B0AA2 /* HAndMTestAssignment.app */;
			productType = "com.apple.product-type.application";
		};
		7A262AC32F549534001B0AA2 /* HAndMTestAssignmentTests */ = {
			isa = PBXNativeTarget;
			buildConfigurationList = 7A262ADB2F549534001B0AA2 /* Build configuration list for PBXNativeTarget "HAndMTestAssignmentTests" */;
			buildPhases = (
				7A262AC02F549534001B0AA2 /* Sources */,
				7A262AC12F549534001B0AA2 /* Frameworks */,
				7A262AC22F549534001B0AA2 /* Resources */,
			);
			buildRules = (
			);
			dependencies = (
				7A262AC62F549534001B0AA2 /* PBXTargetDependency */,
			);
			fileSystemSynchronizedGroups = (
				7A262AC72F549534001B0AA2 /* HAndMTestAssignmentTests */,
			);
			name = HAndMTestAssignmentTests;
			packageProductDependencies = (
			);
			productName = HAndMTestAssignmentTests;
			productReference = 7A262AC42F549534001B0AA2 /* HAndMTestAssignmentTests.xctest */;
			productType = "com.apple.product-type.bundle.unit-test";
		};
		7A262ACD2F549534001B0AA2 /* HAndMTestAssignmentUITests */ = {
			isa = PBXNativeTarget;
			buildConfigurationList = 7A262ADE2F549534001B0AA2 /* Build configuration list for PBXNativeTarget "HAndMTestAssignmentUITests" */;
			buildPhases = (
				7A262ACA2F549534001B0AA2 /* Sources */,
				7A262ACB2F549534001B0AA2 /* Frameworks */,
				7A262ACC2F549534001B0AA2 /* Resources */,
			);
			buildRules = (
			);
			dependencies = (
				7A262AD02F549534001B0AA2 /* PBXTargetDependency */,
			);
			fileSystemSynchronizedGroups = (
				7A262AD12F549534001B0AA2 /* HAndMTestAssignmentUITests */,
			);
			name = HAndMTestAssignmentUITests;
			packageProductDependencies = (
			);
			productName = HAndMTestAssignmentUITests;
			productReference = 7A262ACE2F549534001B0AA2 /* HAndMTestAssignmentUITests.xctest */;
			productType = "com.apple.product-type.bundle.ui-testing";
		};
/* End PBXNativeTarget section */

/* Begin PBXProject section */
		7A262AAF2F549533001B0AA2 /* Project object */ = {
			isa = PBXProject;
			attributes = {
				BuildIndependentTargetsInParallel = 1;
				LastSwiftUpdateCheck = 2630;
				LastUpgradeCheck = 2630;
				TargetAttributes = {
					7A262AB62F549533001B0AA2 = {
						CreatedOnToolsVersion = 26.3;
					};
					7A262AC32F549534001B0AA2 = {
						CreatedOnToolsVersion = 26.3;
						TestTargetID = 7A262AB62F549533001B0AA2;
					};
					7A262ACD2F549534001B0AA2 = {
						CreatedOnToolsVersion = 26.3;
						TestTargetID = 7A262AB62F549533001B0AA2;
					};
				};
			};
			buildConfigurationList = 7A262AB22F549533001B0AA2 /* Build configuration list for PBXProject "HAndMTestAssignment" */;
			developmentRegion = en;
			hasScannedForEncodings = 0;
			knownRegions = (
				en,
				Base,
			);
			mainGroup = 7A262AAE2F549533001B0AA2;
			minimizedProjectReferenceProxies = 1;
			preferredProjectObjectVersion = 77;
			productRefGroup = 7A262AB82F549533001B0AA2 /* Products */;
			projectDirPath = "";
			projectRoot = "";
			targets = (
				7A262AB62F549533001B0AA2 /* HAndMTestAssignment */,
				7A262AC32F549534001B0AA2 /* HAndMTestAssignmentTests */,
				7A262ACD2F549534001B0AA2 /* HAndMTestAssignmentUITests */,
			);
		};
/* End PBXProject section */

/* Begin PBXResourcesBuildPhase section */
		7A262AB52F549533001B0AA2 /* Resources */ = {
			isa = PBXResourcesBuildPhase;
			buildActionMask = 2147483647;
			files = (
				7A262BD42F561AC9001B0AA2 /* README.md in Resources */,
				7A262BD92F561AE5001B0AA2 /* screenshot_dynamic_type.png in Resources */,
				7A262BDA2F561AE5001B0AA2 /* screenshot_error.png in Resources */,
				7A262BDB2F561AE5001B0AA2 /* screenshot_product_list.png in Resources */,
				7A262BDC2F561AE5001B0AA2 /* screenshot_dark_mode.png in Resources */,
			);
			runOnlyForDeploymentPostprocessing = 0;
		};
		7A262AC22F549534001B0AA2 /* Resources */ = {
			isa = PBXResourcesBuildPhase;
			buildActionMask = 2147483647;
			files = (
			);
			runOnlyForDeploymentPostprocessing = 0;
		};
		7A262ACC2F549534001B0AA2 /* Resources */ = {
			isa = PBXResourcesBuildPhase;
			buildActionMask = 2147483647;
			files = (
			);
			runOnlyForDeploymentPostprocessing = 0;
		};
/* End PBXResourcesBuildPhase section */

/* Begin PBXSourcesBuildPhase section */
		7A262AB32F549533001B0AA2 /* Sources */ = {
			isa = PBXSourcesBuildPhase;
			buildActionMask = 2147483647;
			files = (
			);
			runOnlyForDeploymentPostprocessing = 0;
		};
		7A262AC02F549534001B0AA2 /* Sources */ = {
			isa = PBXSourcesBuildPhase;
			buildActionMask = 2147483647;
			files = (
			);
			runOnlyForDeploymentPostprocessing = 0;
		};
		7A262ACA2F549534001B0AA2 /* Sources */ = {
			isa = PBXSourcesBuildPhase;
			buildActionMask = 2147483647;
			files = (
			);
			runOnlyForDeploymentPostprocessing = 0;
		};
/* End PBXSourcesBuildPhase section */

/* Begin PBXTargetDependency section */
		7A262AC62F549534001B0AA2 /* PBXTargetDependency */ = {
			isa = PBXTargetDependency;
			target = 7A262AB62F549533001B0AA2 /* HAndMTestAssignment */;
			targetProxy = 7A262AC52F549534001B0AA2 /* PBXContainerItemProxy */;
		};
		7A262AD02F549534001B0AA2 /* PBXTargetDependency */ = {
			isa = PBXTargetDependency;
			target = 7A262AB62F549533001B0AA2 /* HAndMTestAssignment */;
			targetProxy = 7A262ACF2F549534001B0AA2 /* PBXContainerItemProxy */;
		};
/* End PBXTargetDependency section */

/* Begin XCBuildConfiguration section */
		7A262AD62F549534001B0AA2 /* Debug */ = {
			isa = XCBuildConfiguration;
			buildSettings = {
				ALWAYS_SEARCH_USER_PATHS = NO;
				ASSETCATALOG_COMPILER_GENERATE_SWIFT_ASSET_SYMBOL_EXTENSIONS = YES;
				CLANG_ANALYZER_NONNULL = YES;
				CLANG_ANALYZER_NUMBER_OBJECT_CONVERSION = YES_AGGRESSIVE;
				CLANG_CXX_LANGUAGE_STANDARD = "gnu++20";
				CLANG_ENABLE_MODULES = YES;
				CLANG_ENABLE_OBJC_ARC = YES;
				CLANG_ENABLE_OBJC_WEAK = YES;
				CLANG_WARN_BLOCK_CAPTURE_AUTORELEASING = YES;
				CLANG_WARN_BOOL_CONVERSION = YES;
				CLANG_WARN_COMMA = YES;
				CLANG_WARN_CONSTANT_CONVERSION = YES;
				CLANG_WARN_DEPRECATED_OBJC_IMPLEMENTATIONS = YES;
				CLANG_WARN_DIRECT_OBJC_ISA_USAGE = YES_ERROR;
				CLANG_WARN_DOCUMENTATION_COMMENTS = YES;
				CLANG_WARN_EMPTY_BODY = YES;
				CLANG_WARN_ENUM_CONVERSION = YES;
				CLANG_WARN_INFINITE_RECURSION = YES;
				CLANG_WARN_INT_CONVERSION = YES;
				CLANG_WARN_NON_LITERAL_NULL_CONVERSION = YES;
				CLANG_WARN_OBJC_IMPLICIT_RETAIN_SELF = YES;
				CLANG_WARN_OBJC_LITERAL_CONVERSION = YES;
				CLANG_WARN_OBJC_ROOT_CLASS = YES_ERROR;
				CLANG_WARN_QUOTED_INCLUDE_IN_FRAMEWORK_HEADER = YES;
				CLANG_WARN_RANGE_LOOP_ANALYSIS = YES;
				CLANG_WARN_STRICT_PROTOTYPES = YES;
				CLANG_WARN_SUSPICIOUS_MOVE = YES;
				CLANG_WARN_UNGUARDED_AVAILABILITY = YES_AGGRESSIVE;
				CLANG_WARN_UNREACHABLE_CODE = YES;
				CLANG_WARN__DUPLICATE_METHOD_MATCH = YES;
				COPY_PHASE_STRIP = NO;
				DEBUG_INFORMATION_FORMAT = dwarf;
				DEVELOPMENT_TEAM = PNNDQ37565;
				ENABLE_STRICT_OBJC_MSGSEND = YES;
				ENABLE_TESTABILITY = YES;
				ENABLE_USER_SCRIPT_SANDBOXING = YES;
				GCC_C_LANGUAGE_STANDARD = gnu17;
				GCC_DYNAMIC_NO_PIC = NO;
				GCC_NO_COMMON_BLOCKS = YES;
				GCC_OPTIMIZATION_LEVEL = 0;
				GCC_PREPROCESSOR_DEFINITIONS = (
					"DEBUG=1",
					"$(inherited)",
				);
				GCC_WARN_64_TO_32_BIT_CONVERSION = YES;
				GCC_WARN_ABOUT_RETURN_TYPE = YES_ERROR;
				GCC_WARN_UNDECLARED_SELECTOR = YES;
				GCC_WARN_UNINITIALIZED_AUTOS = YES_AGGRESSIVE;
				GCC_WARN_UNUSED_FUNCTION = YES;
				GCC_WARN_UNUSED_VARIABLE = YES;
				IPHONEOS_DEPLOYMENT_TARGET = 26.2;
				LOCALIZATION_PREFERS_STRING_CATALOGS = YES;
				MTL_ENABLE_DEBUG_INFO = INCLUDE_SOURCE;
				MTL_FAST_MATH = YES;
				ONLY_ACTIVE_ARCH = YES;
				SDKROOT = iphoneos;
				SWIFT_ACTIVE_COMPILATION_CONDITIONS = "DEBUG $(inherited)";
				SWIFT_OPTIMIZATION_LEVEL = "-Onone";
			};
			name = Debug;
		};
		7A262AD72F549534001B0AA2 /* Release */ = {
			isa = XCBuildConfiguration;
			buildSettings = {
				ALWAYS_SEARCH_USER_PATHS = NO;
				ASSETCATALOG_COMPILER_GENERATE_SWIFT_ASSET_SYMBOL_EXTENSIONS = YES;
				CLANG_ANALYZER_NONNULL = YES;
				CLANG_ANALYZER_NUMBER_OBJECT_CONVERSION = YES_AGGRESSIVE;
				CLANG_CXX_LANGUAGE_STANDARD = "gnu++20";
				CLANG_ENABLE_MODULES = YES;
				CLANG_ENABLE_OBJC_ARC = YES;
				CLANG_ENABLE_OBJC_WEAK = YES;
				CLANG_WARN_BLOCK_CAPTURE_AUTORELEASING = YES;
				CLANG_WARN_BOOL_CONVERSION = YES;
				CLANG_WARN_COMMA = YES;
				CLANG_WARN_CONSTANT_CONVERSION = YES;
				CLANG_WARN_DEPRECATED_OBJC_IMPLEMENTATIONS = YES;
				CLANG_WARN_DIRECT_OBJC_ISA_USAGE = YES_ERROR;
				CLANG_WARN_DOCUMENTATION_COMMENTS = YES;
				CLANG_WARN_EMPTY_BODY = YES;
				CLANG_WARN_ENUM_CONVERSION = YES;
				CLANG_WARN_INFINITE_RECURSION = YES;
				CLANG_WARN_INT_CONVERSION = YES;
				CLANG_WARN_NON_LITERAL_NULL_CONVERSION = YES;
				CLANG_WARN_OBJC_IMPLICIT_RETAIN_SELF = YES;
				CLANG_WARN_OBJC_LITERAL_CONVERSION = YES;
				CLANG_WARN_OBJC_ROOT_CLASS = YES_ERROR;
				CLANG_WARN_QUOTED_INCLUDE_IN_FRAMEWORK_HEADER = YES;
				CLANG_WARN_RANGE_LOOP_ANALYSIS = YES;
				CLANG_WARN_STRICT_PROTOTYPES = YES;
				CLANG_WARN_SUSPICIOUS_MOVE = YES;
				CLANG_WARN_UNGUARDED_AVAILABILITY = YES_AGGRESSIVE;
				CLANG_WARN_UNREACHABLE_CODE = YES;
				CLANG_WARN__DUPLICATE_METHOD_MATCH = YES;
				COPY_PHASE_STRIP = NO;
				DEBUG_INFORMATION_FORMAT = "dwarf-with-dsym";
				DEVELOPMENT_TEAM = PNNDQ37565;
				ENABLE_NS_ASSERTIONS = NO;
				ENABLE_STRICT_OBJC_MSGSEND = YES;
				ENABLE_USER_SCRIPT_SANDBOXING = YES;
				GCC_C_LANGUAGE_STANDARD = gnu17;
				GCC_NO_COMMON_BLOCKS = YES;
				GCC_WARN_64_TO_32_BIT_CONVERSION = YES;
				GCC_WARN_ABOUT_RETURN_TYPE = YES_ERROR;
				GCC_WARN_UNDECLARED_SELECTOR = YES;
				GCC_WARN_UNINITIALIZED_AUTOS = YES_AGGRESSIVE;
				GCC_WARN_UNUSED_FUNCTION = YES;
				GCC_WARN_UNUSED_VARIABLE = YES;
				IPHONEOS_DEPLOYMENT_TARGET = 26.2;
				LOCALIZATION_PREFERS_STRING_CATALOGS = YES;
				MTL_ENABLE_DEBUG_INFO = NO;
				MTL_FAST_MATH = YES;
				SDKROOT = iphoneos;
				SWIFT_COMPILATION_MODE = wholemodule;
				VALIDATE_PRODUCT = YES;
			};
			name = Release;
		};
		7A262AD92F549534001B0AA2 /* Debug */ = {
			isa = XCBuildConfiguration;
			buildSettings = {
				ASSETCATALOG_COMPILER_APPICON_NAME = AppIcon;
				ASSETCATALOG_COMPILER_GLOBAL_ACCENT_COLOR_NAME = AccentColor;
				CODE_SIGN_STYLE = Automatic;
				CURRENT_PROJECT_VERSION = 1;
				DEVELOPMENT_TEAM = PNNDQ37565;
				ENABLE_PREVIEWS = YES;
				GENERATE_INFOPLIST_FILE = YES;
				INFOPLIST_KEY_UIApplicationSceneManifest_Generation = YES;
				INFOPLIST_KEY_UIApplicationSupportsIndirectInputEvents = YES;
				INFOPLIST_KEY_UILaunchScreen_Generation = YES;
				INFOPLIST_KEY_UISupportedInterfaceOrientations_iPad = "UIInterfaceOrientationPortrait UIInterfaceOrientationPortraitUpsideDown UIInterfaceOrientationLandscapeLeft UIInterfaceOrientationLandscapeRight";
				INFOPLIST_KEY_UISupportedInterfaceOrientations_iPhone = "UIInterfaceOrientationPortrait UIInterfaceOrientationLandscapeLeft UIInterfaceOrientationLandscapeRight";
				LD_RUNPATH_SEARCH_PATHS = (
					"$(inherited)",
					"@executable_path/Frameworks",
				);
				MARKETING_VERSION = 1.0;
				PRODUCT_BUNDLE_IDENTIFIER = test.assignment.HAndMTestAssignment;
				PRODUCT_NAME = "$(TARGET_NAME)";
				STRING_CATALOG_GENERATE_SYMBOLS = YES;
				SWIFT_APPROACHABLE_CONCURRENCY = YES;
				SWIFT_DEFAULT_ACTOR_ISOLATION = MainActor;
				SWIFT_EMIT_LOC_STRINGS = YES;
				SWIFT_UPCOMING_FEATURE_MEMBER_IMPORT_VISIBILITY = YES;
				SWIFT_VERSION = 5.0;
				TARGETED_DEVICE_FAMILY = "1,2";
			};
			name = Debug;
		};
		7A262ADA2F549534001B0AA2 /* Release */ = {
			isa = XCBuildConfiguration;
			buildSettings = {
				ASSETCATALOG_COMPILER_APPICON_NAME = AppIcon;
				ASSETCATALOG_COMPILER_GLOBAL_ACCENT_COLOR_NAME = AccentColor;
				CODE_SIGN_STYLE = Automatic;
				CURRENT_PROJECT_VERSION = 1;
				DEVELOPMENT_TEAM = PNNDQ37565;
				ENABLE_PREVIEWS = YES;
				GENERATE_INFOPLIST_FILE = YES;
				INFOPLIST_KEY_UIApplicationSceneManifest_Generation = YES;
				INFOPLIST_KEY_UIApplicationSupportsIndirectInputEvents = YES;
				INFOPLIST_KEY_UILaunchScreen_Generation = YES;
				INFOPLIST_KEY_UISupportedInterfaceOrientations_iPad = "UIInterfaceOrientationPortrait UIInterfaceOrientationPortraitUpsideDown UIInterfaceOrientationLandscapeLeft UIInterfaceOrientationLandscapeRight";
				INFOPLIST_KEY_UISupportedInterfaceOrientations_iPhone = "UIInterfaceOrientationPortrait UIInterfaceOrientationLandscapeLeft UIInterfaceOrientationLandscapeRight";
				LD_RUNPATH_SEARCH_PATHS = (
					"$(inherited)",
					"@executable_path/Frameworks",
				);
				MARKETING_VERSION = 1.0;
				PRODUCT_BUNDLE_IDENTIFIER = test.assignment.HAndMTestAssignment;
				PRODUCT_NAME = "$(TARGET_NAME)";
				STRING_CATALOG_GENERATE_SYMBOLS = YES;
				SWIFT_APPROACHABLE_CONCURRENCY = YES;
				SWIFT_DEFAULT_ACTOR_ISOLATION = MainActor;
				SWIFT_EMIT_LOC_STRINGS = YES;
				SWIFT_UPCOMING_FEATURE_MEMBER_IMPORT_VISIBILITY = YES;
				SWIFT_VERSION = 5.0;
				TARGETED_DEVICE_FAMILY = "1,2";
			};
			name = Release;
		};
		7A262ADC2F549534001B0AA2 /* Debug */ = {
			isa = XCBuildConfiguration;
			buildSettings = {
				BUNDLE_LOADER = "$(TEST_HOST)";
				CODE_SIGN_STYLE = Automatic;
				CURRENT_PROJECT_VERSION = 1;
				DEVELOPMENT_TEAM = PNNDQ37565;
				GENERATE_INFOPLIST_FILE = YES;
				IPHONEOS_DEPLOYMENT_TARGET = 26.2;
				MARKETING_VERSION = 1.0;
				PRODUCT_BUNDLE_IDENTIFIER = test.assignment.HAndMTestAssignmentTests;
				PRODUCT_NAME = "$(TARGET_NAME)";
				STRING_CATALOG_GENERATE_SYMBOLS = NO;
				SWIFT_APPROACHABLE_CONCURRENCY = YES;
				SWIFT_EMIT_LOC_STRINGS = NO;
				SWIFT_UPCOMING_FEATURE_MEMBER_IMPORT_VISIBILITY = YES;
				SWIFT_VERSION = 5.0;
				TARGETED_DEVICE_FAMILY = "1,2";
				TEST_HOST = "$(BUILT_PRODUCTS_DIR)/HAndMTestAssignment.app/$(BUNDLE_EXECUTABLE_FOLDER_PATH)/HAndMTestAssignment";
			};
			name = Debug;
		};
		7A262ADD2F549534001B0AA2 /* Release */ = {
			isa = XCBuildConfiguration;
			buildSettings = {
				BUNDLE_LOADER = "$(TEST_HOST)";
				CODE_SIGN_STYLE = Automatic;
				CURRENT_PROJECT_VERSION = 1;
				DEVELOPMENT_TEAM = PNNDQ37565;
				GENERATE_INFOPLIST_FILE = YES;
				IPHONEOS_DEPLOYMENT_TARGET = 26.2;
				MARKETING_VERSION = 1.0;
				PRODUCT_BUNDLE_IDENTIFIER = test.assignment.HAndMTestAssignmentTests;
				PRODUCT_NAME = "$(TARGET_NAME)";
				STRING_CATALOG_GENERATE_SYMBOLS = NO;
				SWIFT_APPROACHABLE_CONCURRENCY = YES;
				SWIFT_EMIT_LOC_STRINGS = NO;
				SWIFT_UPCOMING_FEATURE_MEMBER_IMPORT_VISIBILITY = YES;
				SWIFT_VERSION = 5.0;
				TARGETED_DEVICE_FAMILY = "1,2";
				TEST_HOST = "$(BUILT_PRODUCTS_DIR)/HAndMTestAssignment.app/$(BUNDLE_EXECUTABLE_FOLDER_PATH)/HAndMTestAssignment";
			};
			name = Release;
		};
		7A262ADF2F549534001B0AA2 /* Debug */ = {
			isa = XCBuildConfiguration;
			buildSettings = {
				CODE_SIGN_STYLE = Automatic;
				CURRENT_PROJECT_VERSION = 1;
				DEVELOPMENT_TEAM = PNNDQ37565;
				GENERATE_INFOPLIST_FILE = YES;
				MARKETING_VERSION = 1.0;
				PRODUCT_BUNDLE_IDENTIFIER = test.assignment.HAndMTestAssignmentUITests;
				PRODUCT_NAME = "$(TARGET_NAME)";
				STRING_CATALOG_GENERATE_SYMBOLS = NO;
				SWIFT_APPROACHABLE_CONCURRENCY = YES;
				SWIFT_EMIT_LOC_STRINGS = NO;
				SWIFT_UPCOMING_FEATURE_MEMBER_IMPORT_VISIBILITY = YES;
				SWIFT_VERSION = 5.0;
				TARGETED_DEVICE_FAMILY = "1,2";
				TEST_TARGET_NAME = HAndMTestAssignment;
			};
			name = Debug;
		};
		7A262AE02F549534001B0AA2 /* Release */ = {
			isa = XCBuildConfiguration;
			buildSettings = {
				CODE_SIGN_STYLE = Automatic;
				CURRENT_PROJECT_VERSION = 1;
				DEVELOPMENT_TEAM = PNNDQ37565;
				GENERATE_INFOPLIST_FILE = YES;
				MARKETING_VERSION = 1.0;
				PRODUCT_BUNDLE_IDENTIFIER = test.assignment.HAndMTestAssignmentUITests;
				PRODUCT_NAME = "$(TARGET_NAME)";
				STRING_CATALOG_GENERATE_SYMBOLS = NO;
				SWIFT_APPROACHABLE_CONCURRENCY = YES;
				SWIFT_EMIT_LOC_STRINGS = NO;
				SWIFT_UPCOMING_FEATURE_MEMBER_IMPORT_VISIBILITY = YES;
				SWIFT_VERSION = 5.0;
				TARGETED_DEVICE_FAMILY = "1,2";
				TEST_TARGET_NAME = HAndMTestAssignment;
			};
			name = Release;
		};
/* End XCBuildConfiguration section */

/* Begin XCConfigurationList section */
		7A262AB22F549533001B0AA2 /* Build configuration list for PBXProject "HAndMTestAssignment" */ = {
			isa = XCConfigurationList;
			buildConfigurations = (
				7A262AD62F549534001B0AA2 /* Debug */,
				7A262AD72F549534001B0AA2 /* Release */,
			);
			defaultConfigurationIsVisible = 0;
			defaultConfigurationName = Release;
		};
		7A262AD82F549534001B0AA2 /* Build configuration list for PBXNativeTarget "HAndMTestAssignment" */ = {
			isa = XCConfigurationList;
			buildConfigurations = (
				7A262AD92F549534001B0AA2 /* Debug */,
				7A262ADA2F549534001B0AA2 /* Release */,
			);
			defaultConfigurationIsVisible = 0;
			defaultConfigurationName = Release;
		};
		7A262ADB2F549534001B0AA2 /* Build configuration list for PBXNativeTarget "HAndMTestAssignmentTests" */ = {
			isa = XCConfigurationList;
			buildConfigurations = (
				7A262ADC2F549534001B0AA2 /* Debug */,
				7A262ADD2F549534001B0AA2 /* Release */,
			);
			defaultConfigurationIsVisible = 0;
			defaultConfigurationName = Release;
		};
		7A262ADE2F549534001B0AA2 /* Build configuration list for PBXNativeTarget "HAndMTestAssignmentUITests" */ = {
			isa = XCConfigurationList;
			buildConfigurations = (
				7A262ADF2F549534001B0AA2 /* Debug */,
				7A262AE02F549534001B0AA2 /* Release */,
			);
			defaultConfigurationIsVisible = 0;
			defaultConfigurationName = Release;
		};
/* End XCConfigurationList section */
	};
	rootObject = 7A262AAF2F549533001B0AA2 /* Project object */;
}
